{
  "requires": true,
  "lockfileVersion": 1,
  "dependencies": {
    "ngx-cookie-service": {
      "version": "13.0.1",
      "resolved": "https://registry.npmjs.org/ngx-cookie-service/-/ngx-cookie-service-13.0.1.tgz",
      "integrity": "sha512-yDLEoiOJ8W1KFHP5c4m8RbqHvMP4k2OHIqMd5qWK67mEDuJobWVCjp83WLT8ITf4whmUEyhLII3LtnUgw5t9mg==",
      "requires": {
        "tslib": "^2.0.0"
      }
    },
    "tslib": {
      "version": "2.3.1",
      "resolved": "https://registry.npmjs.org/tslib/-/tslib-2.3.1.tgz",
      "integrity": "sha512-77EbyPPpMz+FRFRuAFlWMtmgUWGe9UOG2Z25NqCwiIjRhOf5iKGuzSe5P2w1laq+FkRy4p+PCuVkJSGkzTEKVw=="
    }
  }
}
